{
  "name": "aws-bedrock-lambda",
  "lockfileVersion": 3,
  "requires": true,
  "packages": {
    "": {
      "dependencies": {
        "serverless-provisioned-concurrency-autoscaling": "^1.9.1"
      }
    },
    "node_modules/serverless-provisioned-concurrency-autoscaling": {
      "version": "1.9.1",
      "resolved": "https://registry.npmjs.org/serverless-provisioned-concurrency-autoscaling/-/serverless-provisioned-concurrency-autoscaling-1.9.1.tgz",
      "integrity": "sha512-7zmgbBC81RbwgxYJZ5je/F6/6Yk35o0iIBQsYbIQCHQX4xKSP3eS+OecP9ugywM6p/LFt9549XkhlMgb6J+/yw=="
    }
  }
}
